<?xml version="1.0" encoding="utf-8"?>
<Project ToolsVersion="18.0" xmlns="http://schemas.microsoft.com/developer/msbuild/2003">
  <ItemGroup>
    <ClCompile Include="C:\Users\NEU\Desktop\Monitoring - 7\backend\build-runtime\open62541\open62541.c">
      <Filter>Source Files</Filter>
    </ClCompile>
  </ItemGroup>
  <ItemGroup>
    <ClInclude Include="C:\Users\NEU\Desktop\Monitoring - 7\backend\build-runtime\open62541\open62541.h">
      <Filter>Header Files</Filter>
    </ClInclude>
  </ItemGroup>
  <ItemGroup>
    <CustomBuild Include="C:\Users\NEU\Desktop\Monitoring - 7\open62541-1.0\CMakeLists.txt" />
  </ItemGroup>
  <ItemGroup>
    <Filter Include="CMake Rules">
      <UniqueIdentifier>{814D263A-CC58-3061-BD59-F9DCBF45B766}</UniqueIdentifier>
    </Filter>
    <Filter Include="Header Files">
      <UniqueIdentifier>{BDDC976E-BBFE-321D-B694-96F921E5CCE2}</UniqueIdentifier>
    </Filter>
    <Filter Include="Source Files">
      <UniqueIdentifier>{2C3B2F59-AE0C-30FF-A02B-70B9EB9770FF}</UniqueIdentifier>
    </Filter>
  </ItemGroup>
</Project>
