<?xml version="1.0" encoding="UTF-8"?>
<Solution>
	<Configurations>
		<BuildType Name="Release"/>
		<Platform Name="x64"/>
	</Configurations>
	<Project Path="open62541-generator-ids-ns0.vcxproj" Type="8bc9ceb8-8b4a-11d0-8d11-00a0c91bc942" Id="a7d12c20-869f-3189-840a-ac2c38cd3ec1">
		<BuildDependency Project="../ZERO_CHECK.vcxproj"/>
		<Build Solution="Release|*" Project="false"/>
	</Project>
	<Folder Name="/CodeAnalysis/">
		<Project Path="clang-tidy.vcxproj" Type="8bc9ceb8-8b4a-11d0-8d11-00a0c91bc942" Id="a498ebe9-1d29-3111-b896-0a0830db8357">
			<BuildDependency Project="../ZERO_CHECK.vcxproj"/>
			<BuildDependency Project="open62541.vcxproj"/>
			<Build Solution="Release|*" Project="false"/>
		</Project>
		<Project Path="cpplint.vcxproj" Type="8bc9ceb8-8b4a-11d0-8d11-00a0c91bc942" Id="28a785b5-5d1f-3120-8333-cc82010f770b">
			<BuildDependency Project="../ZERO_CHECK.vcxproj"/>
			<Build Solution="Release|*" Project="false"/>
		</Project>
	</Folder>
	<Folder Name="/_CmakePredifinedTargets/">
		<Project Path="ALL_BUILD.vcxproj" Type="8bc9ceb8-8b4a-11d0-8d11-00a0c91bc942" Id="be3f8770-b49f-3f07-9bc0-c9e662d22ae9" DefaultStartup="true">
			<BuildDependency Project="../ZERO_CHECK.vcxproj"/>
			<BuildDependency Project="open62541.vcxproj"/>
			<BuildDependency Project="open62541-object.vcxproj"/>
		</Project>
		<Project Path="INSTALL.vcxproj" Type="8bc9ceb8-8b4a-11d0-8d11-00a0c91bc942" Id="5f9332eb-ec87-3693-9889-32e66acd3189">
			<BuildDependency Project="ALL_BUILD.vcxproj"/>
			<BuildDependency Project="../ZERO_CHECK.vcxproj"/>
			<Build Solution="Release|*" Project="false"/>
		</Project>
		<Project Path="PACKAGE.vcxproj" Type="8bc9ceb8-8b4a-11d0-8d11-00a0c91bc942" Id="4a1b0d1c-dee5-3643-b88e-c4e2622f3ee8">
			<BuildDependency Project="ALL_BUILD.vcxproj"/>
			<BuildDependency Project="../ZERO_CHECK.vcxproj"/>
			<Build Solution="Release|*" Project="false"/>
		</Project>
		<Project Path="../ZERO_CHECK.vcxproj" Type="8bc9ceb8-8b4a-11d0-8d11-00a0c91bc942" Id="d79556ab-145e-3d43-908a-17b8eca38a2c"/>
	</Folder>
	<Folder Name="/open62541/"/>
	<Folder Name="/open62541/doc/">
		<Project Path="doc/doc.vcxproj" Type="8bc9ceb8-8b4a-11d0-8d11-00a0c91bc942" Id="6521b333-9268-3f08-9a1f-30b0623882a0">
			<BuildDependency Project="../ZERO_CHECK.vcxproj"/>
			<BuildDependency Project="open62541.vcxproj"/>
			<Build Solution="Release|*" Project="false"/>
		</Project>
		<Project Path="doc/doc_latex.vcxproj" Type="8bc9ceb8-8b4a-11d0-8d11-00a0c91bc942" Id="415ea550-6791-3eee-bf2d-29e3b6e67f02">
			<BuildDependency Project="../ZERO_CHECK.vcxproj"/>
			<BuildDependency Project="open62541.vcxproj"/>
			<Build Solution="Release|*" Project="false"/>
		</Project>
		<Project Path="doc/doc_pdf.vcxproj" Type="8bc9ceb8-8b4a-11d0-8d11-00a0c91bc942" Id="ea861158-4be9-3001-acb1-f8923c937e70">
			<BuildDependency Project="../ZERO_CHECK.vcxproj"/>
			<BuildDependency Project="doc/doc_latex.vcxproj"/>
			<Build Solution="Release|*" Project="false"/>
		</Project>
	</Folder>
	<Folder Name="/open62541/generators/">
		<Project Path="open62541-generator-namespace.vcxproj" Type="8bc9ceb8-8b4a-11d0-8d11-00a0c91bc942" Id="e51453aa-3862-32f3-85ed-7369cf5afad7">
			<BuildDependency Project="../ZERO_CHECK.vcxproj"/>
			<BuildDependency Project="open62541-generator-types.vcxproj"/>
		</Project>
		<Project Path="open62541-generator-statuscode.vcxproj" Type="8bc9ceb8-8b4a-11d0-8d11-00a0c91bc942" Id="20c0101a-bedd-3db3-b675-16aa0049c6c8">
			<BuildDependency Project="../ZERO_CHECK.vcxproj"/>
		</Project>
		<Project Path="open62541-generator-transport.vcxproj" Type="8bc9ceb8-8b4a-11d0-8d11-00a0c91bc942" Id="43434eb3-f135-3982-9813-98de905fc9df">
			<BuildDependency Project="../ZERO_CHECK.vcxproj"/>
		</Project>
		<Project Path="open62541-generator-types.vcxproj" Type="8bc9ceb8-8b4a-11d0-8d11-00a0c91bc942" Id="31b2c35c-1e58-3526-a1f5-669ba5bba7dd">
			<BuildDependency Project="../ZERO_CHECK.vcxproj"/>
		</Project>
	</Folder>
	<Folder Name="/open62541/lib/">
		<Project Path="open62541.vcxproj" Type="8bc9ceb8-8b4a-11d0-8d11-00a0c91bc942" Id="dda50ee3-219d-388f-9414-836fb21393d1">
			<BuildDependency Project="../ZERO_CHECK.vcxproj"/>
			<BuildDependency Project="open62541-object.vcxproj"/>
		</Project>
		<Project Path="open62541-amalgamation-header.vcxproj" Type="8bc9ceb8-8b4a-11d0-8d11-00a0c91bc942" Id="7c2976e0-7c3f-3935-a619-5f4157f59d69">
			<BuildDependency Project="../ZERO_CHECK.vcxproj"/>
			<BuildDependency Project="open62541-generator-namespace.vcxproj"/>
			<BuildDependency Project="open62541-generator-types.vcxproj"/>
		</Project>
		<Project Path="open62541-amalgamation-source.vcxproj" Type="8bc9ceb8-8b4a-11d0-8d11-00a0c91bc942" Id="2cce6e14-11f1-353f-9040-27ab9658b224">
			<BuildDependency Project="../ZERO_CHECK.vcxproj"/>
			<BuildDependency Project="open62541-generator-namespace.vcxproj"/>
			<BuildDependency Project="open62541-generator-statuscode.vcxproj"/>
			<BuildDependency Project="open62541-generator-transport.vcxproj"/>
			<BuildDependency Project="open62541-generator-types.vcxproj"/>
		</Project>
		<Project Path="open62541-object.vcxproj" Type="8bc9ceb8-8b4a-11d0-8d11-00a0c91bc942" Id="83392754-b793-37ee-9407-fe90802bd251">
			<BuildDependency Project="../ZERO_CHECK.vcxproj"/>
			<BuildDependency Project="open62541-amalgamation-header.vcxproj"/>
			<BuildDependency Project="open62541-amalgamation-source.vcxproj"/>
			<BuildDependency Project="open62541-generator-statuscode.vcxproj"/>
			<BuildDependency Project="open62541-generator-transport.vcxproj"/>
			<BuildDependency Project="open62541-generator-types.vcxproj"/>
		</Project>
	</Folder>
</Solution>
