<?xml version="1.0" encoding="utf-8"?>
<Project ToolsVersion="18.0" xmlns="http://schemas.microsoft.com/developer/msbuild/2003">
  <ItemGroup>
    <CustomBuild Include="C:\Users\NEU\Desktop\Monitoring - 7\backend\build-runtime\CMakeFiles\daa265076c69a37a8c5e6e870c310e6a\client.rst.rule">
      <Filter>CMake Rules</Filter>
    </CustomBuild>
    <CustomBuild Include="C:\Users\NEU\Desktop\Monitoring - 7\backend\build-runtime\CMakeFiles\daa265076c69a37a8c5e6e870c310e6a\client_config.rst.rule">
      <Filter>CMake Rules</Filter>
    </CustomBuild>
    <CustomBuild Include="C:\Users\NEU\Desktop\Monitoring - 7\backend\build-runtime\CMakeFiles\daa265076c69a37a8c5e6e870c310e6a\client_highlevel.rst.rule">
      <Filter>CMake Rules</Filter>
    </CustomBuild>
    <CustomBuild Include="C:\Users\NEU\Desktop\Monitoring - 7\backend\build-runtime\CMakeFiles\daa265076c69a37a8c5e6e870c310e6a\client_subscriptions.rst.rule">
      <Filter>CMake Rules</Filter>
    </CustomBuild>
    <CustomBuild Include="C:\Users\NEU\Desktop\Monitoring - 7\backend\build-runtime\CMakeFiles\daa265076c69a37a8c5e6e870c310e6a\constants.rst.rule">
      <Filter>CMake Rules</Filter>
    </CustomBuild>
    <CustomBuild Include="C:\Users\NEU\Desktop\Monitoring - 7\backend\build-runtime\CMakeFiles\daa265076c69a37a8c5e6e870c310e6a\nodestore.rst.rule">
      <Filter>CMake Rules</Filter>
    </CustomBuild>
    <CustomBuild Include="C:\Users\NEU\Desktop\Monitoring - 7\backend\build-runtime\CMakeFiles\daa265076c69a37a8c5e6e870c310e6a\plugin_accesscontrol.rst.rule">
      <Filter>CMake Rules</Filter>
    </CustomBuild>
    <CustomBuild Include="C:\Users\NEU\Desktop\Monitoring - 7\backend\build-runtime\CMakeFiles\daa265076c69a37a8c5e6e870c310e6a\plugin_log.rst.rule">
      <Filter>CMake Rules</Filter>
    </CustomBuild>
    <CustomBuild Include="C:\Users\NEU\Desktop\Monitoring - 7\backend\build-runtime\CMakeFiles\daa265076c69a37a8c5e6e870c310e6a\plugin_network.rst.rule">
      <Filter>CMake Rules</Filter>
    </CustomBuild>
    <CustomBuild Include="C:\Users\NEU\Desktop\Monitoring - 7\backend\build-runtime\CMakeFiles\daa265076c69a37a8c5e6e870c310e6a\plugin_pubsub_connection.rst.rule">
      <Filter>CMake Rules</Filter>
    </CustomBuild>
    <CustomBuild Include="C:\Users\NEU\Desktop\Monitoring - 7\backend\build-runtime\CMakeFiles\daa265076c69a37a8c5e6e870c310e6a\pubsub.rst.rule">
      <Filter>CMake Rules</Filter>
    </CustomBuild>
    <CustomBuild Include="C:\Users\NEU\Desktop\Monitoring - 7\backend\build-runtime\CMakeFiles\daa265076c69a37a8c5e6e870c310e6a\server.rst.rule">
      <Filter>CMake Rules</Filter>
    </CustomBuild>
    <CustomBuild Include="C:\Users\NEU\Desktop\Monitoring - 7\backend\build-runtime\CMakeFiles\daa265076c69a37a8c5e6e870c310e6a\server_config.rst.rule">
      <Filter>CMake Rules</Filter>
    </CustomBuild>
    <CustomBuild Include="C:\Users\NEU\Desktop\Monitoring - 7\backend\build-runtime\CMakeFiles\daa265076c69a37a8c5e6e870c310e6a\services.rst.rule">
      <Filter>CMake Rules</Filter>
    </CustomBuild>
    <CustomBuild Include="C:\Users\NEU\Desktop\Monitoring - 7\backend\build-runtime\CMakeFiles\daa265076c69a37a8c5e6e870c310e6a\statuscodes.rst.rule">
      <Filter>CMake Rules</Filter>
    </CustomBuild>
    <CustomBuild Include="C:\Users\NEU\Desktop\Monitoring - 7\backend\build-runtime\CMakeFiles\daa265076c69a37a8c5e6e870c310e6a\tutorial_client_firststeps.rst.rule">
      <Filter>CMake Rules</Filter>
    </CustomBuild>
    <CustomBuild Include="C:\Users\NEU\Desktop\Monitoring - 7\backend\build-runtime\CMakeFiles\daa265076c69a37a8c5e6e870c310e6a\tutorial_datatypes.rst.rule">
      <Filter>CMake Rules</Filter>
    </CustomBuild>
    <CustomBuild Include="C:\Users\NEU\Desktop\Monitoring - 7\backend\build-runtime\CMakeFiles\daa265076c69a37a8c5e6e870c310e6a\tutorial_pubsub_publish.rst.rule">
      <Filter>CMake Rules</Filter>
    </CustomBuild>
    <CustomBuild Include="C:\Users\NEU\Desktop\Monitoring - 7\backend\build-runtime\CMakeFiles\daa265076c69a37a8c5e6e870c310e6a\tutorial_server_datasource.rst.rule">
      <Filter>CMake Rules</Filter>
    </CustomBuild>
    <CustomBuild Include="C:\Users\NEU\Desktop\Monitoring - 7\backend\build-runtime\CMakeFiles\daa265076c69a37a8c5e6e870c310e6a\tutorial_server_events.rst.rule">
      <Filter>CMake Rules</Filter>
    </CustomBuild>
    <CustomBuild Include="C:\Users\NEU\Desktop\Monitoring - 7\backend\build-runtime\CMakeFiles\daa265076c69a37a8c5e6e870c310e6a\tutorial_server_firststeps.rst.rule">
      <Filter>CMake Rules</Filter>
    </CustomBuild>
    <CustomBuild Include="C:\Users\NEU\Desktop\Monitoring - 7\backend\build-runtime\CMakeFiles\daa265076c69a37a8c5e6e870c310e6a\tutorial_server_method.rst.rule">
      <Filter>CMake Rules</Filter>
    </CustomBuild>
    <CustomBuild Include="C:\Users\NEU\Desktop\Monitoring - 7\backend\build-runtime\CMakeFiles\daa265076c69a37a8c5e6e870c310e6a\tutorial_server_monitoreditems.rst.rule">
      <Filter>CMake Rules</Filter>
    </CustomBuild>
    <CustomBuild Include="C:\Users\NEU\Desktop\Monitoring - 7\backend\build-runtime\CMakeFiles\daa265076c69a37a8c5e6e870c310e6a\tutorial_server_object.rst.rule">
      <Filter>CMake Rules</Filter>
    </CustomBuild>
    <CustomBuild Include="C:\Users\NEU\Desktop\Monitoring - 7\backend\build-runtime\CMakeFiles\daa265076c69a37a8c5e6e870c310e6a\tutorial_server_variable.rst.rule">
      <Filter>CMake Rules</Filter>
    </CustomBuild>
    <CustomBuild Include="C:\Users\NEU\Desktop\Monitoring - 7\backend\build-runtime\CMakeFiles\daa265076c69a37a8c5e6e870c310e6a\tutorial_server_variabletype.rst.rule">
      <Filter>CMake Rules</Filter>
    </CustomBuild>
    <CustomBuild Include="C:\Users\NEU\Desktop\Monitoring - 7\backend\build-runtime\CMakeFiles\daa265076c69a37a8c5e6e870c310e6a\types.rst.rule">
      <Filter>CMake Rules</Filter>
    </CustomBuild>
    <CustomBuild Include="C:\Users\NEU\Desktop\Monitoring - 7\backend\build-runtime\CMakeFiles\daa265076c69a37a8c5e6e870c310e6a\types_generated.rst.rule">
      <Filter>CMake Rules</Filter>
    </CustomBuild>
    <CustomBuild Include="C:\Users\NEU\Desktop\Monitoring - 7\backend\build-runtime\CMakeFiles\7ca2045b4c59bbec517821d9369308b0\doc_latex.rule">
      <Filter>CMake Rules</Filter>
    </CustomBuild>
    <CustomBuild Include="C:\Users\NEU\Desktop\Monitoring - 7\open62541-1.0\doc\CMakeLists.txt" />
  </ItemGroup>
  <ItemGroup>
    <None Include="C:\Users\NEU\Desktop\Monitoring - 7\backend\build-runtime\open62541\doc\CMakeFiles\doc_latex" />
  </ItemGroup>
  <ItemGroup>
    <Filter Include="CMake Rules">
      <UniqueIdentifier>{814D263A-CC58-3061-BD59-F9DCBF45B766}</UniqueIdentifier>
    </Filter>
  </ItemGroup>
</Project>
