<?xml version="1.0" encoding="UTF-8"?>
<Solution>
	<Configurations>
		<BuildType Name="Release"/>
		<Platform Name="x64"/>
	</Configurations>
	<Project Path="MonitoringPlatform.vcxproj" Type="8bc9ceb8-8b4a-11d0-8d11-00a0c91bc942" Id="af6427f0-e3a6-3b25-8b8d-a238e45e03e5">
		<BuildDependency Project="ZERO_CHECK.vcxproj"/>
		<BuildDependency Project="open62541/open62541.vcxproj"/>
	</Project>
	<Project Path="init_db.vcxproj" Type="8bc9ceb8-8b4a-11d0-8d11-00a0c91bc942" Id="6fd97a33-52ce-3440-bade-3023d6d41e7f">
		<BuildDependency Project="ZERO_CHECK.vcxproj"/>
		<Build Solution="Release|*" Project="false"/>
	</Project>
	<Folder Name="/_CmakePredifinedTargets/">
		<Project Path="ALL_BUILD.vcxproj" Type="8bc9ceb8-8b4a-11d0-8d11-00a0c91bc942" Id="be3f8770-b49f-3f07-9bc0-c9e662d22ae9" DefaultStartup="true">
			<BuildDependency Project="MonitoringPlatform.vcxproj"/>
			<BuildDependency Project="ZERO_CHECK.vcxproj"/>
		</Project>
		<Project Path="INSTALL.vcxproj" Type="8bc9ceb8-8b4a-11d0-8d11-00a0c91bc942" Id="5f9332eb-ec87-3693-9889-32e66acd3189">
			<BuildDependency Project="ALL_BUILD.vcxproj"/>
			<BuildDependency Project="ZERO_CHECK.vcxproj"/>
			<Build Solution="Release|*" Project="false"/>
		</Project>
		<Project Path="PACKAGE.vcxproj" Type="8bc9ceb8-8b4a-11d0-8d11-00a0c91bc942" Id="4a1b0d1c-dee5-3643-b88e-c4e2622f3ee8">
			<BuildDependency Project="ALL_BUILD.vcxproj"/>
			<BuildDependency Project="ZERO_CHECK.vcxproj"/>
			<Build Solution="Release|*" Project="false"/>
		</Project>
		<Project Path="ZERO_CHECK.vcxproj" Type="8bc9ceb8-8b4a-11d0-8d11-00a0c91bc942" Id="d79556ab-145e-3d43-908a-17b8eca38a2c"/>
	</Folder>
	<Folder Name="/open62541/"/>
	<Folder Name="/open62541/generators/">
		<Project Path="open62541/open62541-generator-namespace.vcxproj" Type="8bc9ceb8-8b4a-11d0-8d11-00a0c91bc942" Id="e51453aa-3862-32f3-85ed-7369cf5afad7">
			<BuildDependency Project="ZERO_CHECK.vcxproj"/>
			<BuildDependency Project="open62541/open62541-generator-types.vcxproj"/>
		</Project>
		<Project Path="open62541/open62541-generator-statuscode.vcxproj" Type="8bc9ceb8-8b4a-11d0-8d11-00a0c91bc942" Id="20c0101a-bedd-3db3-b675-16aa0049c6c8">
			<BuildDependency Project="ZERO_CHECK.vcxproj"/>
		</Project>
		<Project Path="open62541/open62541-generator-transport.vcxproj" Type="8bc9ceb8-8b4a-11d0-8d11-00a0c91bc942" Id="43434eb3-f135-3982-9813-98de905fc9df">
			<BuildDependency Project="ZERO_CHECK.vcxproj"/>
		</Project>
		<Project Path="open62541/open62541-generator-types.vcxproj" Type="8bc9ceb8-8b4a-11d0-8d11-00a0c91bc942" Id="31b2c35c-1e58-3526-a1f5-669ba5bba7dd">
			<BuildDependency Project="ZERO_CHECK.vcxproj"/>
		</Project>
	</Folder>
	<Folder Name="/open62541/lib/">
		<Project Path="open62541/open62541.vcxproj" Type="8bc9ceb8-8b4a-11d0-8d11-00a0c91bc942" Id="dda50ee3-219d-388f-9414-836fb21393d1">
			<BuildDependency Project="ZERO_CHECK.vcxproj"/>
			<BuildDependency Project="open62541/open62541-object.vcxproj"/>
		</Project>
		<Project Path="open62541/open62541-amalgamation-header.vcxproj" Type="8bc9ceb8-8b4a-11d0-8d11-00a0c91bc942" Id="7c2976e0-7c3f-3935-a619-5f4157f59d69">
			<BuildDependency Project="ZERO_CHECK.vcxproj"/>
			<BuildDependency Project="open62541/open62541-generator-namespace.vcxproj"/>
			<BuildDependency Project="open62541/open62541-generator-types.vcxproj"/>
		</Project>
		<Project Path="open62541/open62541-amalgamation-source.vcxproj" Type="8bc9ceb8-8b4a-11d0-8d11-00a0c91bc942" Id="2cce6e14-11f1-353f-9040-27ab9658b224">
			<BuildDependency Project="ZERO_CHECK.vcxproj"/>
			<BuildDependency Project="open62541/open62541-generator-namespace.vcxproj"/>
			<BuildDependency Project="open62541/open62541-generator-statuscode.vcxproj"/>
			<BuildDependency Project="open62541/open62541-generator-transport.vcxproj"/>
			<BuildDependency Project="open62541/open62541-generator-types.vcxproj"/>
		</Project>
		<Project Path="open62541/open62541-object.vcxproj" Type="8bc9ceb8-8b4a-11d0-8d11-00a0c91bc942" Id="83392754-b793-37ee-9407-fe90802bd251">
			<BuildDependency Project="ZERO_CHECK.vcxproj"/>
			<BuildDependency Project="open62541/open62541-amalgamation-header.vcxproj"/>
			<BuildDependency Project="open62541/open62541-amalgamation-source.vcxproj"/>
			<BuildDependency Project="open62541/open62541-generator-statuscode.vcxproj"/>
			<BuildDependency Project="open62541/open62541-generator-transport.vcxproj"/>
			<BuildDependency Project="open62541/open62541-generator-types.vcxproj"/>
		</Project>
	</Folder>
</Solution>
