<?xml version="1.0" encoding="utf-8"?>
<Project ToolsVersion="18.0" xmlns="http://schemas.microsoft.com/developer/msbuild/2003">
  <ItemGroup>
    <CustomBuild Include="C:\Users\NEU\Desktop\Monitoring - 7\backend\build-runtime\CMakeFiles\fe99ba1f34046e3daf78d0d8e3fffe60\PACKAGE_force.rule">
      <Filter>CMake Rules</Filter>
    </CustomBuild>
  </ItemGroup>
  <ItemGroup>
    <Filter Include="CMake Rules">
      <UniqueIdentifier>{814D263A-CC58-3061-BD59-F9DCBF45B766}</UniqueIdentifier>
    </Filter>
  </ItemGroup>
</Project>
